
Microsoft Visual Studio Solution File, Format Version 12.00
# Visual Studio Version 17
VisualStudioVersion = 17.6.33723.286
MinimumVisualStudioVersion = 10.0.40219.1
Project("{FAE04EC0-301F-11D3-BF4B-00C04F79EFBC}") = "Overloading", "Overloading\Overloading.csproj", "{69540681-DB5B-4C82-8454-D2236E7B88E4}"
EndProject
Global
	GlobalSection(SolutionConfigurationPlatforms) = preSolution
		Debug|Any CPU = Debug|Any CPU
		Release|Any CPU = Release|Any CPU
	EndGlobalSection
	GlobalSection(ProjectConfigurationPlatforms) = postSolution
		{69540681-DB5B-4C82-8454-D2236E7B88E4}.Debug|Any CPU.ActiveCfg = Debug|Any CPU
		{69540681-DB5B-4C82-8454-D2236E7B88E4}.Debug|Any CPU.Build.0 = Debug|Any CPU
		{69540681-DB5B-4C82-8454-D2236E7B88E4}.Release|Any CPU.ActiveCfg = Release|Any CPU
		{69540681-DB5B-4C82-8454-D2236E7B88E4}.Release|Any CPU.Build.0 = Release|Any CPU
	EndGlobalSection
	GlobalSection(SolutionProperties) = preSolution
		HideSolutionNode = FALSE
	EndGlobalSection
	GlobalSection(ExtensibilityGlobals) = postSolution
		SolutionGuid = {AC8F008A-536C-4CC1-926C-025261D57E0B}
	EndGlobalSection
EndGlobal
